
Microsoft Visual Studio Solution File, Format Version 12.00
Project("{FAE04EC0-301F-11D3-BF4B-00C04F79EFBC}") = "ExampleProject", "ExampleProject.csproj", "{AD2BDABD-A899-42F5-81E7-FB6B5484812E}"
EndProject
Global
	GlobalSection(SolutionConfigurationPlatforms) = preSolution
		Debug|Any CPU = Debug|Any CPU
		Release|Any CPU = Release|Any CPU
	EndGlobalSection
	GlobalSection(ProjectConfigurationPlatforms) = postSolution
		{AD2BDABD-A899-42F5-81E7-FB6B5484812E}.Debug|Any CPU.ActiveCfg = Debug|Any CPU
		{AD2BDABD-A899-42F5-81E7-FB6B5484812E}.Debug|Any CPU.Build.0 = Debug|Any CPU
		{AD2BDABD-A899-42F5-81E7-FB6B5484812E}.Release|Any CPU.ActiveCfg = Release|Any CPU
		{AD2BDABD-A899-42F5-81E7-FB6B5484812E}.Release|Any CPU.Build.0 = Release|Any CPU
	EndGlobalSection
EndGlobal
